
Microsoft Visual Studio Solution File, Format Version 12.00
# Visual Studio Version 16
VisualStudioVersion = 16.0.29001.49
MinimumVisualStudioVersion = 10.0.40219.1
Project("{2150E333-8FDC-42A3-9474-1A3956D46DE8}") = "SRC", "SRC", "{7CFE6C8B-D9DA-4964-BEF5-F9769CF73047}"
EndProject
Project("{2150E333-8FDC-42A3-9474-1A3956D46DE8}") = "Infrastructure", "Infrastructure", "{73C6A53E-69B8-481B-A12E-B62A8D1C1372}"
EndProject
Project("{9A19103F-16F7-4668-BE54-9A1E7A4F7556}") = "Common", "SRC\Infrastructure\Common\Common.csproj", "{FCEB08AA-61A2-4067-9816-611F85851819}"
EndProject
Project("{9A19103F-16F7-4668-BE54-9A1E7A4F7556}") = "DAL", "SRC\Infrastructure\DAL\DAL.csproj", "{16180477-3447-4118-9D6A-C35A9AE54159}"
EndProject
Project("{9A19103F-16F7-4668-BE54-9A1E7A4F7556}") = "AutomationTest", "SRC\Infrastructure\AutomationTest\AutomationTest.csproj", "{6F35EB44-DCDC-43DD-AE78-D8A0B2433CAE}"
EndProject
Project("{2150E333-8FDC-42A3-9474-1A3956D46DE8}") = "Applications", "Applications", "{7B749C56-CE77-47DB-A1D8-285AA7220BC5}"
EndProject
Project("{9A19103F-16F7-4668-BE54-9A1E7A4F7556}") = "Test.Application", "SRC\Applications\Test.Application\Test.Application.csproj", "{A9C737A8-4572-4B09-B91C-F91DF5ABB8E3}"
EndProject
Project("{2150E333-8FDC-42A3-9474-1A3956D46DE8}") = "Presentations", "Presentations", "{5CC94B49-6382-49E8-81B4-5153D7C140A5}"
EndProject
Project("{9A19103F-16F7-4668-BE54-9A1E7A4F7556}") = "Test.UI", "SRC\Presentations\Test.UI\Test.UI.csproj", "{D4D33404-C367-4F70-87C3-DA0B63B2F8B0}"
EndProject
Project("{2150E333-8FDC-42A3-9474-1A3956D46DE8}") = "Modulars", "Modulars", "{C17305D2-E433-41AA-BF7D-1E23D82B9C2A}"
EndProject
Project("{9A19103F-16F7-4668-BE54-9A1E7A4F7556}") = "Test", "SRC\Modulars\Test\Test.csproj", "{D65E9873-E5B9-4746-BBC5-972D2A508FD9}"
EndProject
Global
	GlobalSection(SolutionConfigurationPlatforms) = preSolution
		Debug|Any CPU = Debug|Any CPU
		Release|Any CPU = Release|Any CPU
	EndGlobalSection
	GlobalSection(ProjectConfigurationPlatforms) = postSolution
		{FCEB08AA-61A2-4067-9816-611F85851819}.Debug|Any CPU.ActiveCfg = Debug|Any CPU
		{FCEB08AA-61A2-4067-9816-611F85851819}.Debug|Any CPU.Build.0 = Debug|Any CPU
		{FCEB08AA-61A2-4067-9816-611F85851819}.Release|Any CPU.ActiveCfg = Release|Any CPU
		{FCEB08AA-61A2-4067-9816-611F85851819}.Release|Any CPU.Build.0 = Release|Any CPU
		{16180477-3447-4118-9D6A-C35A9AE54159}.Debug|Any CPU.ActiveCfg = Debug|Any CPU
		{16180477-3447-4118-9D6A-C35A9AE54159}.Debug|Any CPU.Build.0 = Debug|Any CPU
		{16180477-3447-4118-9D6A-C35A9AE54159}.Release|Any CPU.ActiveCfg = Release|Any CPU
		{16180477-3447-4118-9D6A-C35A9AE54159}.Release|Any CPU.Build.0 = Release|Any CPU
		{6F35EB44-DCDC-43DD-AE78-D8A0B2433CAE}.Debug|Any CPU.ActiveCfg = Debug|Any CPU
		{6F35EB44-DCDC-43DD-AE78-D8A0B2433CAE}.Debug|Any CPU.Build.0 = Debug|Any CPU
		{6F35EB44-DCDC-43DD-AE78-D8A0B2433CAE}.Release|Any CPU.ActiveCfg = Release|Any CPU
		{6F35EB44-DCDC-43DD-AE78-D8A0B2433CAE}.Release|Any CPU.Build.0 = Release|Any CPU
		{A9C737A8-4572-4B09-B91C-F91DF5ABB8E3}.Debug|Any CPU.ActiveCfg = Debug|Any CPU
		{A9C737A8-4572-4B09-B91C-F91DF5ABB8E3}.Debug|Any CPU.Build.0 = Debug|Any CPU
		{A9C737A8-4572-4B09-B91C-F91DF5ABB8E3}.Release|Any CPU.ActiveCfg = Release|Any CPU
		{A9C737A8-4572-4B09-B91C-F91DF5ABB8E3}.Release|Any CPU.Build.0 = Release|Any CPU
		{D4D33404-C367-4F70-87C3-DA0B63B2F8B0}.Debug|Any CPU.ActiveCfg = Debug|Any CPU
		{D4D33404-C367-4F70-87C3-DA0B63B2F8B0}.Debug|Any CPU.Build.0 = Debug|Any CPU
		{D4D33404-C367-4F70-87C3-DA0B63B2F8B0}.Release|Any CPU.ActiveCfg = Release|Any CPU
		{D4D33404-C367-4F70-87C3-DA0B63B2F8B0}.Release|Any CPU.Build.0 = Release|Any CPU
		{D65E9873-E5B9-4746-BBC5-972D2A508FD9}.Debug|Any CPU.ActiveCfg = Debug|Any CPU
		{D65E9873-E5B9-4746-BBC5-972D2A508FD9}.Debug|Any CPU.Build.0 = Debug|Any CPU
		{D65E9873-E5B9-4746-BBC5-972D2A508FD9}.Release|Any CPU.ActiveCfg = Release|Any CPU
		{D65E9873-E5B9-4746-BBC5-972D2A508FD9}.Release|Any CPU.Build.0 = Release|Any CPU
	EndGlobalSection
	GlobalSection(SolutionProperties) = preSolution
		HideSolutionNode = FALSE
	EndGlobalSection
	GlobalSection(NestedProjects) = preSolution
		{73C6A53E-69B8-481B-A12E-B62A8D1C1372} = {7CFE6C8B-D9DA-4964-BEF5-F9769CF73047}
		{FCEB08AA-61A2-4067-9816-611F85851819} = {73C6A53E-69B8-481B-A12E-B62A8D1C1372}
		{16180477-3447-4118-9D6A-C35A9AE54159} = {73C6A53E-69B8-481B-A12E-B62A8D1C1372}
		{6F35EB44-DCDC-43DD-AE78-D8A0B2433CAE} = {73C6A53E-69B8-481B-A12E-B62A8D1C1372}
		{7B749C56-CE77-47DB-A1D8-285AA7220BC5} = {7CFE6C8B-D9DA-4964-BEF5-F9769CF73047}
		{A9C737A8-4572-4B09-B91C-F91DF5ABB8E3} = {7B749C56-CE77-47DB-A1D8-285AA7220BC5}
		{5CC94B49-6382-49E8-81B4-5153D7C140A5} = {7CFE6C8B-D9DA-4964-BEF5-F9769CF73047}
		{D4D33404-C367-4F70-87C3-DA0B63B2F8B0} = {5CC94B49-6382-49E8-81B4-5153D7C140A5}
		{C17305D2-E433-41AA-BF7D-1E23D82B9C2A} = {7CFE6C8B-D9DA-4964-BEF5-F9769CF73047}
		{D65E9873-E5B9-4746-BBC5-972D2A508FD9} = {C17305D2-E433-41AA-BF7D-1E23D82B9C2A}
	EndGlobalSection
	GlobalSection(ExtensibilityGlobals) = postSolution
		SolutionGuid = {25176F41-3780-4E9C-9726-F83419D61727}
	EndGlobalSection
EndGlobal
